// !$*UTF8*$!
{
	archiveVersion = 1;
	classes = {
	};
	objectVersion = 46;
	objects = {

/* Begin PBXBuildFile section */
		65723E391E7B3E2C0086F9B8 /* AppDelegate.swift in Sources */ = {isa = PBXBuildFile; fileRef = 65723E381E7B3E2C0086F9B8 /* AppDelegate.swift */; };
		65723E3E1E7B3E2C0086F9B8 /* Main.storyboard in Resources */ = {isa = PBXBuildFile; fileRef = 65723E3C1E7B3E2C0086F9B8 /* Main.storyboard */; };
		65723E401E7B3E2C0086F9B8 /* Assets.xcassets in Resources */ = {isa = PBXBuildFile; fileRef = 65723E3F1E7B3E2C0086F9B8 /* Assets.xcassets */; };
		65723E431E7B3E2C0086F9B8 /* LaunchScreen.storyboard in Resources */ = {isa = PBXBuildFile; fileRef = 65723E411E7B3E2C0086F9B8 /* LaunchScreen.storyboard */; };
		65723E511E7B460D0086F9B8 /* OTMMapViewController.swift in Sources */ = {isa = PBXBuildFile; fileRef = 65723E501E7B460D0086F9B8 /* OTMMapViewController.swift */; };
		65723E531E7B46320086F9B8 /* TableOfPinsViewController.swift in Sources */ = {isa = PBXBuildFile; fileRef = 65723E521E7B46320086F9B8 /* TableOfPinsViewController.swift */; };
		65723E551E7B47460086F9B8 /* OTMConstants.swift in Sources */ = {isa = PBXBuildFile; fileRef = 65723E541E7B47460086F9B8 /* OTMConstants.swift */; };
		65723E571E7B49170086F9B8 /* OTMAuthViewViewController.swift in Sources */ = {isa = PBXBuildFile; fileRef = 65723E561E7B49170086F9B8 /* OTMAuthViewViewController.swift */; };
		65723E591E7B498F0086F9B8 /* OTMClient.swift in Sources */ = {isa = PBXBuildFile; fileRef = 65723E581E7B498F0086F9B8 /* OTMClient.swift */; };
		65723E5B1E7B54370086F9B8 /* GCDConvenience.swift in Sources */ = {isa = PBXBuildFile; fileRef = 65723E5A1E7B54370086F9B8 /* GCDConvenience.swift */; };
		658F101C1E84438200E6731C /* OTMConvenience.swift in Sources */ = {isa = PBXBuildFile; fileRef = 658F101B1E84438200E6731C /* OTMConvenience.swift */; };
		658F101E1E847E8000E6731C /* MapPinData.swift in Sources */ = {isa = PBXBuildFile; fileRef = 658F101D1E847E8000E6731C /* MapPinData.swift */; };
/* End PBXBuildFile section */

/* Begin PBXFileReference section */
		65723E351E7B3E2C0086F9B8 /* On the Map.app */ = {isa = PBXFileReference; explicitFileType = wrapper.application; includeInIndex = 0; path = "On the Map.app"; sourceTree = BUILT_PRODUCTS_DIR; };
		65723E381E7B3E2C0086F9B8 /* AppDelegate.swift */ = {isa = PBXFileReference; lastKnownFileType = sourcecode.swift; path = AppDelegate.swift; sourceTree = "<group>"; };
		65723E3D1E7B3E2C0086F9B8 /* Base */ = {isa = PBXFileReference; lastKnownFileType = file.storyboard; name = Base; path = Base.lproj/Main.storyboard; sourceTree = "<group>"; };
		65723E3F1E7B3E2C0086F9B8 /* Assets.xcassets */ = {isa = PBXFileReference; lastKnownFileType = folder.assetcatalog; path = Assets.xcassets; sourceTree = "<group>"; };
		65723E421E7B3E2C0086F9B8 /* Base */ = {isa = PBXFileReference; lastKnownFileType = file.storyboard; name = Base; path = Base.lproj/LaunchScreen.storyboard; sourceTree = "<group>"; };
		65723E441E7B3E2C0086F9B8 /* Info.plist */ = {isa = PBXFileReference; lastKnownFileType = text.plist.xml; path = Info.plist; sourceTree = "<group>"; };
		65723E501E7B460D0086F9B8 /* OTMMapViewController.swift */ = {isa = PBXFileReference; fileEncoding = 4; lastKnownFileType = sourcecode.swift; path = OTMMapViewController.swift; sourceTree = "<group>"; };
		65723E521E7B46320086F9B8 /* TableOfPinsViewController.swift */ = {isa = PBXFileReference; fileEncoding = 4; lastKnownFileType = sourcecode.swift; path = TableOfPinsViewController.swift; sourceTree = "<group>"; };
		65723E541E7B47460086F9B8 /* OTMConstants.swift */ = {isa = PBXFileReference; fileEncoding = 4; lastKnownFileType = sourcecode.swift; path = OTMConstants.swift; sourceTree = "<group>"; };
		65723E561E7B49170086F9B8 /* OTMAuthViewViewController.swift */ = {isa = PBXFileReference; fileEncoding = 4; lastKnownFileType = sourcecode.swift; path = OTMAuthViewViewController.swift; sourceTree = "<group>"; };
		65723E581E7B498F0086F9B8 /* OTMClient.swift */ = {isa = PBXFileReference; fileEncoding = 4; lastKnownFileType = sourcecode.swift; path = OTMClient.swift; sourceTree = "<group>"; };
		65723E5A1E7B54370086F9B8 /* GCDConvenience.swift */ = {isa = PBXFileReference; fileEncoding = 4; lastKnownFileType = sourcecode.swift; path = GCDConvenience.swift; sourceTree = "<group>"; };
		65723E5C1E7B5D550086F9B8 /* Roboto-Medium.ttf */ = {isa = PBXFileReference; lastKnownFileType = file; path = "Roboto-Medium.ttf"; sourceTree = "<group>"; };
		65723E5D1E7B5D550086F9B8 /* Roboto-Regular.ttf */ = {isa = PBXFileReference; lastKnownFileType = file; path = "Roboto-Regular.ttf"; sourceTree = "<group>"; };
		65723E5E1E7B5D550086F9B8 /* Roboto-Thin.ttf */ = {isa = PBXFileReference; lastKnownFileType = file; path = "Roboto-Thin.ttf"; sourceTree = "<group>"; };
		658F101B1E84438200E6731C /* OTMConvenience.swift */ = {isa = PBXFileReference; fileEncoding = 4; lastKnownFileType = sourcecode.swift; name = OTMConvenience.swift; path = "On the Map/OTMConvenience.swift"; sourceTree = "<group>"; };
		658F101D1E847E8000E6731C /* MapPinData.swift */ = {isa = PBXFileReference; fileEncoding = 4; lastKnownFileType = sourcecode.swift; name = MapPinData.swift; path = "On the Map/MapPinData.swift"; sourceTree = "<group>"; };
/* End PBXFileReference section */

/* Begin PBXFrameworksBuildPhase section */
		65723E321E7B3E2C0086F9B8 /* Frameworks */ = {
			isa = PBXFrameworksBuildPhase;
			buildActionMask = 2147483647;
			files = (
			);
			runOnlyForDeploymentPostprocessing = 0;
		};
/* End PBXFrameworksBuildPhase section */

/* Begin PBXGroup section */
		65723E2C1E7B3E2C0086F9B8 = {
			isa = PBXGroup;
			children = (
				658F101D1E847E8000E6731C /* MapPinData.swift */,
				658F101B1E84438200E6731C /* OTMConvenience.swift */,
				65723E371E7B3E2C0086F9B8 /* On the Map */,
				65723E361E7B3E2C0086F9B8 /* Products */,
			);
			sourceTree = "<group>";
		};
		65723E361E7B3E2C0086F9B8 /* Products */ = {
			isa = PBXGroup;
			children = (
				65723E351E7B3E2C0086F9B8 /* On the Map.app */,
			);
			name = Products;
			sourceTree = "<group>";
		};
		65723E371E7B3E2C0086F9B8 /* On the Map */ = {
			isa = PBXGroup;
			children = (
				65723E4B1E7B44B10086F9B8 /* Model */,
				65723E4A1E7B44A60086F9B8 /* View */,
				65723E4C1E7B44BE0086F9B8 /* Controller */,
				65723E4D1E7B44E80086F9B8 /* Supporting Files */,
			);
			path = "On the Map";
			sourceTree = "<group>";
		};
		65723E4A1E7B44A60086F9B8 /* View */ = {
			isa = PBXGroup;
			children = (
				65723E4F1E7B45020086F9B8 /* Assets */,
			);
			name = View;
			sourceTree = "<group>";
		};
		65723E4B1E7B44B10086F9B8 /* Model */ = {
			isa = PBXGroup;
			children = (
				65723E541E7B47460086F9B8 /* OTMConstants.swift */,
				65723E581E7B498F0086F9B8 /* OTMClient.swift */,
			);
			name = Model;
			sourceTree = "<group>";
		};
		65723E4C1E7B44BE0086F9B8 /* Controller */ = {
			isa = PBXGroup;
			children = (
				65723E501E7B460D0086F9B8 /* OTMMapViewController.swift */,
				65723E521E7B46320086F9B8 /* TableOfPinsViewController.swift */,
				65723E561E7B49170086F9B8 /* OTMAuthViewViewController.swift */,
			);
			name = Controller;
			sourceTree = "<group>";
		};
		65723E4D1E7B44E80086F9B8 /* Supporting Files */ = {
			isa = PBXGroup;
			children = (
				65723E5A1E7B54370086F9B8 /* GCDConvenience.swift */,
				65723E381E7B3E2C0086F9B8 /* AppDelegate.swift */,
				65723E441E7B3E2C0086F9B8 /* Info.plist */,
			);
			name = "Supporting Files";
			sourceTree = "<group>";
		};
		65723E4E1E7B44FA0086F9B8 /* Storyboards */ = {
			isa = PBXGroup;
			children = (
				65723E3C1E7B3E2C0086F9B8 /* Main.storyboard */,
				65723E411E7B3E2C0086F9B8 /* LaunchScreen.storyboard */,
			);
			name = Storyboards;
			sourceTree = "<group>";
		};
		65723E4F1E7B45020086F9B8 /* Assets */ = {
			isa = PBXGroup;
			children = (
				65723E4E1E7B44FA0086F9B8 /* Storyboards */,
				65723E5F1E7B5D630086F9B8 /* Fonts */,
				65723E601E7B5D760086F9B8 /* Images */,
			);
			name = Assets;
			sourceTree = "<group>";
		};
		65723E5F1E7B5D630086F9B8 /* Fonts */ = {
			isa = PBXGroup;
			children = (
				65723E5C1E7B5D550086F9B8 /* Roboto-Medium.ttf */,
				65723E5D1E7B5D550086F9B8 /* Roboto-Regular.ttf */,
				65723E5E1E7B5D550086F9B8 /* Roboto-Thin.ttf */,
			);
			name = Fonts;
			sourceTree = "<group>";
		};
		65723E601E7B5D760086F9B8 /* Images */ = {
			isa = PBXGroup;
			children = (
				65723E3F1E7B3E2C0086F9B8 /* Assets.xcassets */,
			);
			name = Images;
			sourceTree = "<group>";
		};
/* End PBXGroup section */

/* Begin PBXNativeTarget section */
		65723E341E7B3E2C0086F9B8 /* On the Map */ = {
			isa = PBXNativeTarget;
			buildConfigurationList = 65723E471E7B3E2C0086F9B8 /* Build configuration list for PBXNativeTarget "On the Map" */;
			buildPhases = (
				65723E311E7B3E2C0086F9B8 /* Sources */,
				65723E321E7B3E2C0086F9B8 /* Frameworks */,
				65723E331E7B3E2C0086F9B8 /* Resources */,
			);
			buildRules = (
			);
			dependencies = (
			);
			name = "On the Map";
			productName = "On the Map";
			productReference = 65723E351E7B3E2C0086F9B8 /* On the Map.app */;
			productType = "com.apple.product-type.application";
		};
/* End PBXNativeTarget section */

/* Begin PBXProject section */
		65723E2D1E7B3E2C0086F9B8 /* Project object */ = {
			isa = PBXProject;
			attributes = {
				LastSwiftUpdateCheck = 0820;
				LastUpgradeCheck = 0820;
				ORGANIZATIONNAME = "Daniel Pratt";
				TargetAttributes = {
					65723E341E7B3E2C0086F9B8 = {
						CreatedOnToolsVersion = 8.2.1;
						DevelopmentTeam = ZJ769HHQS2;
						ProvisioningStyle = Automatic;
					};
				};
			};
			buildConfigurationList = 65723E301E7B3E2C0086F9B8 /* Build configuration list for PBXProject "On the Map" */;
			compatibilityVersion = "Xcode 3.2";
			developmentRegion = English;
			hasScannedForEncodings = 0;
			knownRegions = (
				en,
				Base,
			);
			mainGroup = 65723E2C1E7B3E2C0086F9B8;
			productRefGroup = 65723E361E7B3E2C0086F9B8 /* Products */;
			projectDirPath = "";
			projectRoot = "";
			targets = (
				65723E341E7B3E2C0086F9B8 /* On the Map */,
			);
		};
/* End PBXProject section */

/* Begin PBXResourcesBuildPhase section */
		65723E331E7B3E2C0086F9B8 /* Resources */ = {
			isa = PBXResourcesBuildPhase;
			buildActionMask = 2147483647;
			files = (
				65723E431E7B3E2C0086F9B8 /* LaunchScreen.storyboard in Resources */,
				65723E401E7B3E2C0086F9B8 /* Assets.xcassets in Resources */,
				65723E3E1E7B3E2C0086F9B8 /* Main.storyboard in Resources */,
			);
			runOnlyForDeploymentPostprocessing = 0;
		};
/* End PBXResourcesBuildPhase section */

/* Begin PBXSourcesBuildPhase section */
		65723E311E7B3E2C0086F9B8 /* Sources */ = {
			isa = PBXSourcesBuildPhase;
			buildActionMask = 2147483647;
			files = (
				65723E5B1E7B54370086F9B8 /* GCDConvenience.swift in Sources */,
				658F101E1E847E8000E6731C /* MapPinData.swift in Sources */,
				65723E391E7B3E2C0086F9B8 /* AppDelegate.swift in Sources */,
				65723E591E7B498F0086F9B8 /* OTMClient.swift in Sources */,
				65723E531E7B46320086F9B8 /* TableOfPinsViewController.swift in Sources */,
				658F101C1E84438200E6731C /* OTMConvenience.swift in Sources */,
				65723E551E7B47460086F9B8 /* OTMConstants.swift in Sources */,
				65723E511E7B460D0086F9B8 /* OTMMapViewController.swift in Sources */,
				65723E571E7B49170086F9B8 /* OTMAuthViewViewController.swift in Sources */,
			);
			runOnlyForDeploymentPostprocessing = 0;
		};
/* End PBXSourcesBuildPhase section */

/* Begin PBXVariantGroup section */
		65723E3C1E7B3E2C0086F9B8 /* Main.storyboard */ = {
			isa = PBXVariantGroup;
			children = (
				65723E3D1E7B3E2C0086F9B8 /* Base */,
			);
			name = Main.storyboard;
			sourceTree = "<group>";
		};
		65723E411E7B3E2C0086F9B8 /* LaunchScreen.storyboard */ = {
			isa = PBXVariantGroup;
			children = (
				65723E421E7B3E2C0086F9B8 /* Base */,
			);
			name = LaunchScreen.storyboard;
			sourceTree = "<group>";
		};
/* End PBXVariantGroup section */

/* Begin XCBuildConfiguration section */
		65723E451E7B3E2C0086F9B8 /* Debug */ = {
			isa = XCBuildConfiguration;
			buildSettings = {
				ALWAYS_SEARCH_USER_PATHS = NO;
				CLANG_ANALYZER_NONNULL = YES;
				CLANG_CXX_LANGUAGE_STANDARD = "gnu++0x";
				CLANG_CXX_LIBRARY = "libc++";
				CLANG_ENABLE_MODULES = YES;
				CLANG_ENABLE_OBJC_ARC = YES;
				CLANG_WARN_BOOL_CONVERSION = YES;
				CLANG_WARN_CONSTANT_CONVERSION = YES;
				CLANG_WARN_DIRECT_OBJC_ISA_USAGE = YES_ERROR;
				CLANG_WARN_DOCUMENTATION_COMMENTS = YES;
				CLANG_WARN_EMPTY_BODY = YES;
				CLANG_WARN_ENUM_CONVERSION = YES;
				CLANG_WARN_INFINITE_RECURSION = YES;
				CLANG_WARN_INT_CONVERSION = YES;
				CLANG_WARN_OBJC_ROOT_CLASS = YES_ERROR;
				CLANG_WARN_SUSPICIOUS_MOVE = YES;
				CLANG_WARN_UNREACHABLE_CODE = YES;
				CLANG_WARN__DUPLICATE_METHOD_MATCH = YES;
				"CODE_SIGN_IDENTITY[sdk=iphoneos*]" = "iPhone Developer";
				COPY_PHASE_STRIP = NO;
				DEBUG_INFORMATION_FORMAT = dwarf;
				ENABLE_STRICT_OBJC_MSGSEND = YES;
				ENABLE_TESTABILITY = YES;
				GCC_C_LANGUAGE_STANDARD = gnu99;
				GCC_DYNAMIC_NO_PIC = NO;
				GCC_NO_COMMON_BLOCKS = YES;
				GCC_OPTIMIZATION_LEVEL = 0;
				GCC_PREPROCESSOR_DEFINITIONS = (
					"DEBUG=1",
					"$(inherited)",
				);
				GCC_WARN_64_TO_32_BIT_CONVERSION = YES;
				GCC_WARN_ABOUT_RETURN_TYPE = YES_ERROR;
				GCC_WARN_UNDECLARED_SELECTOR = YES;
				GCC_WARN_UNINITIALIZED_AUTOS = YES_AGGRESSIVE;
				GCC_WARN_UNUSED_FUNCTION = YES;
				GCC_WARN_UNUSED_VARIABLE = YES;
				IPHONEOS_DEPLOYMENT_TARGET = 10.2;
				MTL_ENABLE_DEBUG_INFO = YES;
				ONLY_ACTIVE_ARCH = YES;
				SDKROOT = iphoneos;
				SWIFT_ACTIVE_COMPILATION_CONDITIONS = DEBUG;
				SWIFT_OPTIMIZATION_LEVEL = "-Onone";
				TARGETED_DEVICE_FAMILY = "1,2";
			};
			name = Debug;
		};
		65723E461E7B3E2C0086F9B8 /* Release */ = {
			isa = XCBuildConfiguration;
			buildSettings = {
				ALWAYS_SEARCH_USER_PATHS = NO;
				CLANG_ANALYZER_NONNULL = YES;
				CLANG_CXX_LANGUAGE_STANDARD = "gnu++0x";
				CLANG_CXX_LIBRARY = "libc++";
				CLANG_ENABLE_MODULES = YES;
				CLANG_ENABLE_OBJC_ARC = YES;
				CLANG_WARN_BOOL_CONVERSION = YES;
				CLANG_WARN_CONSTANT_CONVERSION = YES;
				CLANG_WARN_DIRECT_OBJC_ISA_USAGE = YES_ERROR;
				CLANG_WARN_DOCUMENTATION_COMMENTS = YES;
				CLANG_WARN_EMPTY_BODY = YES;
				CLANG_WARN_ENUM_CONVERSION = YES;
				CLANG_WARN_INFINITE_RECURSION = YES;
				CLANG_WARN_INT_CONVERSION = YES;
				CLANG_WARN_OBJC_ROOT_CLASS = YES_ERROR;
				CLANG_WARN_SUSPICIOUS_MOVE = YES;
				CLANG_WARN_UNREACHABLE_CODE = YES;
				CLANG_WARN__DUPLICATE_METHOD_MATCH = YES;
				"CODE_SIGN_IDENTITY[sdk=iphoneos*]" = "iPhone Developer";
				COPY_PHASE_STRIP = NO;
				DEBUG_INFORMATION_FORMAT = "dwarf-with-dsym";
				ENABLE_NS_ASSERTIONS = NO;
				ENABLE_STRICT_OBJC_MSGSEND = YES;
				GCC_C_LANGUAGE_STANDARD = gnu99;
				GCC_NO_COMMON_BLOCKS = YES;
				GCC_WARN_64_TO_32_BIT_CONVERSION = YES;
				GCC_WARN_ABOUT_RETURN_TYPE = YES_ERROR;
				GCC_WARN_UNDECLARED_SELECTOR = YES;
				GCC_WARN_UNINITIALIZED_AUTOS = YES_AGGRESSIVE;
				GCC_WARN_UNUSED_FUNCTION = YES;
				GCC_WARN_UNUSED_VARIABLE = YES;
				IPHONEOS_DEPLOYMENT_TARGET = 10.2;
				MTL_ENABLE_DEBUG_INFO = NO;
				SDKROOT = iphoneos;
				SWIFT_OPTIMIZATION_LEVEL = "-Owholemodule";
				TARGETED_DEVICE_FAMILY = "1,2";
				VALIDATE_PRODUCT = YES;
			};
			name = Release;
		};
		65723E481E7B3E2C0086F9B8 /* Debug */ = {
			isa = XCBuildConfiguration;
			buildSettings = {
				ASSETCATALOG_COMPILER_APPICON_NAME = AppIcon;
				DEVELOPMENT_TEAM = ZJ769HHQS2;
				INFOPLIST_FILE = "On the Map/Info.plist";
				LD_RUNPATH_SEARCH_PATHS = "$(inherited) @executable_path/Frameworks";
				PRODUCT_BUNDLE_IDENTIFIER = "com.BlauMagier.On-the-Map";
				PRODUCT_NAME = "$(TARGET_NAME)";
				SWIFT_VERSION = 3.0;
			};
			name = Debug;
		};
		65723E491E7B3E2C0086F9B8 /* Release */ = {
			isa = XCBuildConfiguration;
			buildSettings = {
				ASSETCATALOG_COMPILER_APPICON_NAME = AppIcon;
				DEVELOPMENT_TEAM = ZJ769HHQS2;
				INFOPLIST_FILE = "On the Map/Info.plist";
				LD_RUNPATH_SEARCH_PATHS = "$(inherited) @executable_path/Frameworks";
				PRODUCT_BUNDLE_IDENTIFIER = "com.BlauMagier.On-the-Map";
				PRODUCT_NAME = "$(TARGET_NAME)";
				SWIFT_VERSION = 3.0;
			};
			name = Release;
		};
/* End XCBuildConfiguration section */

/* Begin XCConfigurationList section */
		65723E301E7B3E2C0086F9B8 /* Build configuration list for PBXProject "On the Map" */ = {
			isa = XCConfigurationList;
			buildConfigurations = (
				65723E451E7B3E2C0086F9B8 /* Debug */,
				65723E461E7B3E2C0086F9B8 /* Release */,
			);
			defaultConfigurationIsVisible = 0;
			defaultConfigurationName = Release;
		};
		65723E471E7B3E2C0086F9B8 /* Build configuration list for PBXNativeTarget "On the Map" */ = {
			isa = XCConfigurationList;
			buildConfigurations = (
				65723E481E7B3E2C0086F9B8 /* Debug */,
				65723E491E7B3E2C0086F9B8 /* Release */,
			);
			defaultConfigurationIsVisible = 0;
			defaultConfigurationName = Release;
		};
/* End XCConfigurationList section */
	};
	rootObject = 65723E2D1E7B3E2C0086F9B8 /* Project object */;
}
